
Microsoft Visual Studio Solution File, Format Version 12.00
# Visual Studio 2013
VisualStudioVersion = 12.0.31101.0
MinimumVisualStudioVersion = 10.0.40219.1
Project("{FAE04EC0-301F-11D3-BF4B-00C04F79EFBC}") = "TurboRango.Dominio", "TurboRango.Dominio\TurboRango.Dominio.csproj", "{67928244-22C3-44A4-B50D-8FF25511D92B}"
EndProject
Project("{FAE04EC0-301F-11D3-BF4B-00C04F79EFBC}") = "TurboRango.ImportadorXML", "TurboRango.ImportadorXML\TurboRango.ImportadorXML.csproj", "{DE3A4AA1-145E-4929-8760-121B8C4E6A60}"
EndProject
Global
	GlobalSection(SolutionConfigurationPlatforms) = preSolution
		Debug|Any CPU = Debug|Any CPU
		Release|Any CPU = Release|Any CPU
	EndGlobalSection
	GlobalSection(ProjectConfigurationPlatforms) = postSolution
		{67928244-22C3-44A4-B50D-8FF25511D92B}.Debug|Any CPU.ActiveCfg = Debug|Any CPU
		{67928244-22C3-44A4-B50D-8FF25511D92B}.Debug|Any CPU.Build.0 = Debug|Any CPU
		{67928244-22C3-44A4-B50D-8FF25511D92B}.Release|Any CPU.ActiveCfg = Release|Any CPU
		{67928244-22C3-44A4-B50D-8FF25511D92B}.Release|Any CPU.Build.0 = Release|Any CPU
		{DE3A4AA1-145E-4929-8760-121B8C4E6A60}.Debug|Any CPU.ActiveCfg = Debug|Any CPU
		{DE3A4AA1-145E-4929-8760-121B8C4E6A60}.Debug|Any CPU.Build.0 = Debug|Any CPU
		{DE3A4AA1-145E-4929-8760-121B8C4E6A60}.Release|Any CPU.ActiveCfg = Release|Any CPU
		{DE3A4AA1-145E-4929-8760-121B8C4E6A60}.Release|Any CPU.Build.0 = Release|Any CPU
	EndGlobalSection
	GlobalSection(SolutionProperties) = preSolution
		HideSolutionNode = FALSE
	EndGlobalSection
EndGlobal
